
Microsoft Visual Studio Solution File, Format Version 12.00
# Visual Studio 15
VisualStudioVersion = 15.0.28307.1062
MinimumVisualStudioVersion = 10.0.40219.1
Project("{FAE04EC0-301F-11D3-BF4B-00C04F79EFBC}") = "ReactCoreWebApi", "ReactCoreWebApi\ReactCoreWebApi.csproj", "{39220823-C9C5-4009-A84F-503D308ADCAF}"
EndProject
Global
	GlobalSection(SolutionConfigurationPlatforms) = preSolution
		Debug|Any CPU = Debug|Any CPU
		Release|Any CPU = Release|Any CPU
	EndGlobalSection
	GlobalSection(ProjectConfigurationPlatforms) = postSolution
		{39220823-C9C5-4009-A84F-503D308ADCAF}.Debug|Any CPU.ActiveCfg = Debug|Any CPU
		{39220823-C9C5-4009-A84F-503D308ADCAF}.Debug|Any CPU.Build.0 = Debug|Any CPU
		{39220823-C9C5-4009-A84F-503D308ADCAF}.Release|Any CPU.ActiveCfg = Release|Any CPU
		{39220823-C9C5-4009-A84F-503D308ADCAF}.Release|Any CPU.Build.0 = Release|Any CPU
	EndGlobalSection
	GlobalSection(SolutionProperties) = preSolution
		HideSolutionNode = FALSE
	EndGlobalSection
	GlobalSection(ExtensibilityGlobals) = postSolution
		SolutionGuid = {26351404-1015-4827-9AB3-FE3F04EAF36C}
	EndGlobalSection
EndGlobal
